
Microsoft Visual Studio Solution File, Format Version 12.00
# Visual Studio Version 17
VisualStudioVersion = 17.14.36414.22
MinimumVisualStudioVersion = 10.0.40219.1
Project("{FAE04EC0-301F-11D3-BF4B-00C04F79EFBC}") = "QuanLyQuanAn", "QuanLyQuanAn.csproj", "{A38BD0BC-D6AC-4B05-913C-36531599410F}"
EndProject
Project("{FAE04EC0-301F-11D3-BF4B-00C04F79EFBC}") = "BUS", "..\BUS\BUS.csproj", "{BF51BBF8-64EF-4B30-A6DE-FEBDA9259770}"
EndProject
Project("{FAE04EC0-301F-11D3-BF4B-00C04F79EFBC}") = "DAL", "..\DAL\DAL.csproj", "{353D5B9D-4DF2-429E-9287-3F4F432C518C}"
EndProject
Global
	GlobalSection(SolutionConfigurationPlatforms) = preSolution
		Debug|Any CPU = Debug|Any CPU
		Release|Any CPU = Release|Any CPU
	EndGlobalSection
	GlobalSection(ProjectConfigurationPlatforms) = postSolution
		{A38BD0BC-D6AC-4B05-913C-36531599410F}.Debug|Any CPU.ActiveCfg = Debug|Any CPU
		{A38BD0BC-D6AC-4B05-913C-36531599410F}.Debug|Any CPU.Build.0 = Debug|Any CPU
		{A38BD0BC-D6AC-4B05-913C-36531599410F}.Release|Any CPU.ActiveCfg = Release|Any CPU
		{A38BD0BC-D6AC-4B05-913C-36531599410F}.Release|Any CPU.Build.0 = Release|Any CPU
		{BF51BBF8-64EF-4B30-A6DE-FEBDA9259770}.Debug|Any CPU.ActiveCfg = Debug|Any CPU
		{BF51BBF8-64EF-4B30-A6DE-FEBDA9259770}.Debug|Any CPU.Build.0 = Debug|Any CPU
		{BF51BBF8-64EF-4B30-A6DE-FEBDA9259770}.Release|Any CPU.ActiveCfg = Release|Any CPU
		{BF51BBF8-64EF-4B30-A6DE-FEBDA9259770}.Release|Any CPU.Build.0 = Release|Any CPU
		{353D5B9D-4DF2-429E-9287-3F4F432C518C}.Debug|Any CPU.ActiveCfg = Debug|Any CPU
		{353D5B9D-4DF2-429E-9287-3F4F432C518C}.Debug|Any CPU.Build.0 = Debug|Any CPU
		{353D5B9D-4DF2-429E-9287-3F4F432C518C}.Release|Any CPU.ActiveCfg = Release|Any CPU
		{353D5B9D-4DF2-429E-9287-3F4F432C518C}.Release|Any CPU.Build.0 = Release|Any CPU
	EndGlobalSection
	GlobalSection(SolutionProperties) = preSolution
		HideSolutionNode = FALSE
	EndGlobalSection
	GlobalSection(ExtensibilityGlobals) = postSolution
		SolutionGuid = {346BE63C-C20E-4C35-AE87-9D79B2CA13C0}
	EndGlobalSection
EndGlobal
